API Gateway Optimization JavaScript IoT Docker A/B Testing
Backend Data Science Security Automation Kafka Pull Request Neural Networks JWT Happiness is not something ready made. It comes from your own actions. Version Control WebSockets Cache Invalidation Cloud Functions Serverless Performance
Testing Lambda Functions Stay hungry, stay foolish. GraphQL Framework Big Data Automation Cloud Functions
I find that the harder I work, the more luck I seem to have. Sharding Success doesn’t just find you. You have to go out and get it. Security React Blockchain JWT Multi-threading To be the best, you must be able to handle the worst. Testing Event-driven Architecture Frontend
IoT Pull Request Artificial Intelligence Server Response Don't be afraid to give up the good to go for the great. Event-driven Architecture Docker Code Review Innovation distinguishes between a leader and a follower. Performance Neural Networks Logging Great things never come from comfort zones.
